// !$*UTF8*$!
{
	archiveVersion = 1;
	classes = {
	};
	objectVersion = 55;
	objects = {

/* Begin PBXBuildFile section */
		00FEF7C728CB47540059449D /* maggnetApp.swift in Sources */ = {isa = PBXBuildFile; fileRef = 00FEF7C628CB47540059449D /* maggnetApp.swift */; };
		00FEF7C928CB47540059449D /* ContentView.swift in Sources */ = {isa = PBXBuildFile; fileRef = 00FEF7C828CB47540059449D /* ContentView.swift */; };
		00FEF7CB28CB47540059449D /* Assets.xcassets in Resources */ = {isa = PBXBuildFile; fileRef = 00FEF7CA28CB47540059449D /* Assets.xcassets */; };
		00FEF7CE28CB47540059449D /* Preview Assets.xcassets in Resources */ = {isa = PBXBuildFile; fileRef = 00FEF7CD28CB47540059449D /* Preview Assets.xcassets */; };
		00FEF7D828CB47540059449D /* maggnetTests.swift in Sources */ = {isa = PBXBuildFile; fileRef = 00FEF7D728CB47540059449D /* maggnetTests.swift */; };
		00FEF7E228CB47540059449D /* maggnetUITests.swift in Sources */ = {isa = PBXBuildFile; fileRef = 00FEF7E128CB47540059449D /* maggnetUITests.swift */; };
		00FEF7E428CB47540059449D /* maggnetUITestsLaunchTests.swift in Sources */ = {isa = PBXBuildFile; fileRef = 00FEF7E328CB47540059449D /* maggnetUITestsLaunchTests.swift */; };
/* End PBXBuildFile section */

/* Begin PBXContainerItemProxy section */
		00FEF7D428CB47540059449D /* PBXContainerItemProxy */ = {
			isa = PBXContainerItemProxy;
			containerPortal = 00FEF7BB28CB47530059449D /* Project object */;
			proxyType = 1;
			remoteGlobalIDString = 00FEF7C228CB47540059449D;
			remoteInfo = maggnet;
		};
		00FEF7DE28CB47540059449D /* PBXContainerItemProxy */ = {
			isa = PBXContainerItemProxy;
			containerPortal = 00FEF7BB28CB47530059449D /* Project object */;
			proxyType = 1;
			remoteGlobalIDString = 00FEF7C228CB47540059449D;
			remoteInfo = maggnet;
		};
/* End PBXContainerItemProxy section */

/* Begin PBXFileReference section */
		00FEF7C328CB47540059449D /* maggnet.app */ = {isa = PBXFileReference; explicitFileType = wrapper.application; includeInIndex = 0; path = maggnet.app; sourceTree = BUILT_PRODUCTS_DIR; };
		00FEF7C628CB47540059449D /* maggnetApp.swift */ = {isa = PBXFileReference; lastKnownFileType = sourcecode.swift; path = maggnetApp.swift; sourceTree = "<group>"; };
		00FEF7C828CB47540059449D /* ContentView.swift */ = {isa = PBXFileReference; lastKnownFileType = sourcecode.swift; path = ContentView.swift; sourceTree = "<group>"; };
		00FEF7CA28CB47540059449D /* Assets.xcassets */ = {isa = PBXFileReference; lastKnownFileType = folder.assetcatalog; path = Assets.xcassets; sourceTree = "<group>"; };
		00FEF7CD28CB47540059449D /* Preview Assets.xcassets */ = {isa = PBXFileReference; lastKnownFileType = folder.assetcatalog; path = "Preview Assets.xcassets"; sourceTree = "<group>"; };
		00FEF7D328CB47540059449D /* maggnetTests.xctest */ = {isa = PBXFileReference; explicitFileType = wrapper.cfbundle; includeInIndex = 0; path = maggnetTests.xctest; sourceTree = BUILT_PRODUCTS_DIR; };
		00FEF7D728CB47540059449D /* maggnetTests.swift */ = {isa = PBXFileReference; lastKnownFileType = sourcecode.swift; path = maggnetTests.swift; sourceTree = "<group>"; };
		00FEF7DD28CB47540059449D /* maggnetUITests.xctest */ = {isa = PBXFileReference; explicitFileType = wrapper.cfbundle; includeInIndex = 0; path = maggnetUITests.xctest; sourceTree = BUILT_PRODUCTS_DIR; };
		00FEF7E128CB47540059449D /* maggnetUITests.swift */ = {isa = PBXFileReference; lastKnownFileType = sourcecode.swift; path = maggnetUITests.swift; sourceTree = "<group>"; };
		00FEF7E328CB47540059449D /* maggnetUITestsLaunchTests.swift */ = {isa = PBXFileReference; lastKnownFileType = sourcecode.swift; path = maggnetUITestsLaunchTests.swift; sourceTree = "<group>"; };
/* End PBXFileReference section */

/* Begin PBXFrameworksBuildPhase section */
		00FEF7C028CB47540059449D /* Frameworks */ = {
			isa = PBXFrameworksBuildPhase;
			buildActionMask = 2147483647;
			files = (
			);
			runOnlyForDeploymentPostprocessing = 0;
		};
		00FEF7D028CB47540059449D /* Frameworks */ = {
			isa = PBXFrameworksBuildPhase;
			buildActionMask = 2147483647;
			files = (
			);
			runOnlyForDeploymentPostprocessing = 0;
		};
		00FEF7DA28CB47540059449D /* Frameworks */ = {
			isa = PBXFrameworksBuildPhase;
			buildActionMask = 2147483647;
			files = (
			);
			runOnlyForDeploymentPostprocessing = 0;
		};
/* End PBXFrameworksBuildPhase section */

/* Begin PBXGroup section */
		00FEF7BA28CB47530059449D = {
			isa = PBXGroup;
			children = (
				00FEF7C528CB47540059449D /* maggnet */,
				00FEF7D628CB47540059449D /* maggnetTests */,
				00FEF7E028CB47540059449D /* maggnetUITests */,
				00FEF7C428CB47540059449D /* Products */,
			);
			sourceTree = "<group>";
		};
		00FEF7C428CB47540059449D /* Products */ = {
			isa = PBXGroup;
			children = (
				00FEF7C328CB47540059449D /* maggnet.app */,
				00FEF7D328CB47540059449D /* maggnetTests.xctest */,
				00FEF7DD28CB47540059449D /* maggnetUITests.xctest */,
			);
			name = Products;
			sourceTree = "<group>";
		};
		00FEF7C528CB47540059449D /* maggnet */ = {
			isa = PBXGroup;
			children = (
				00FEF7C628CB47540059449D /* maggnetApp.swift */,
				00FEF7C828CB47540059449D /* ContentView.swift */,
				00FEF7CA28CB47540059449D /* Assets.xcassets */,
				00FEF7CC28CB47540059449D /* Preview Content */,
			);
			path = maggnet;
			sourceTree = "<group>";
		};
		00FEF7CC28CB47540059449D /* Preview Content */ = {
			isa = PBXGroup;
			children = (
				00FEF7CD28CB47540059449D /* Preview Assets.xcassets */,
			);
			path = "Preview Content";
			sourceTree = "<group>";
		};
		00FEF7D628CB47540059449D /* maggnetTests */ = {
			isa = PBXGroup;
			children = (
				00FEF7D728CB47540059449D /* maggnetTests.swift */,
			);
			path = maggnetTests;
			sourceTree = "<group>";
		};
		00FEF7E028CB47540059449D /* maggnetUITests */ = {
			isa = PBXGroup;
			children = (
				00FEF7E128CB47540059449D /* maggnetUITests.swift */,
				00FEF7E328CB47540059449D /* maggnetUITestsLaunchTests.swift */,
			);
			path = maggnetUITests;
			sourceTree = "<group>";
		};
/* End PBXGroup section */

/* Begin PBXNativeTarget section */
		00FEF7C228CB47540059449D /* maggnet */ = {
			isa = PBXNativeTarget;
			buildConfigurationList = 00FEF7E728CB47540059449D /* Build configuration list for PBXNativeTarget "maggnet" */;
			buildPhases = (
				00FEF7BF28CB47540059449D /* Sources */,
				00FEF7C028CB47540059449D /* Frameworks */,
				00FEF7C128CB47540059449D /* Resources */,
			);
			buildRules = (
			);
			dependencies = (
			);
			name = maggnet;
			productName = maggnet;
			productReference = 00FEF7C328CB47540059449D /* maggnet.app */;
			productType = "com.apple.product-type.application";
		};
		00FEF7D228CB47540059449D /* maggnetTests */ = {
			isa = PBXNativeTarget;
			buildConfigurationList = 00FEF7EA28CB47540059449D /* Build configuration list for PBXNativeTarget "maggnetTests" */;
			buildPhases = (
				00FEF7CF28CB47540059449D /* Sources */,
				00FEF7D028CB47540059449D /* Frameworks */,
				00FEF7D128CB47540059449D /* Resources */,
			);
			buildRules = (
			);
			dependencies = (
				00FEF7D528CB47540059449D /* PBXTargetDependency */,
			);
			name = maggnetTests;
			productName = maggnetTests;
			productReference = 00FEF7D328CB47540059449D /* maggnetTests.xctest */;
			productType = "com.apple.product-type.bundle.unit-test";
		};
		00FEF7DC28CB47540059449D /* maggnetUITests */ = {
			isa = PBXNativeTarget;
			buildConfigurationList = 00FEF7ED28CB47540059449D /* Build configuration list for PBXNativeTarget "maggnetUITests" */;
			buildPhases = (
				00FEF7D928CB47540059449D /* Sources */,
				00FEF7DA28CB47540059449D /* Frameworks */,
				00FEF7DB28CB47540059449D /* Resources */,
			);
			buildRules = (
			);
			dependencies = (
				00FEF7DF28CB47540059449D /* PBXTargetDependency */,
			);
			name = maggnetUITests;
			productName = maggnetUITests;
			productReference = 00FEF7DD28CB47540059449D /* maggnetUITests.xctest */;
			productType = "com.apple.product-type.bundle.ui-testing";
		};
/* End PBXNativeTarget section */

/* Begin PBXProject section */
		00FEF7BB28CB47530059449D /* Project object */ = {
			isa = PBXProject;
			attributes = {
				BuildIndependentTargetsInParallel = 1;
				LastSwiftUpdateCheck = 1340;
				LastUpgradeCheck = 1340;
				TargetAttributes = {
					00FEF7C228CB47540059449D = {
						CreatedOnToolsVersion = 13.4;
					};
					00FEF7D228CB47540059449D = {
						CreatedOnToolsVersion = 13.4;
						TestTargetID = 00FEF7C228CB47540059449D;
					};
					00FEF7DC28CB47540059449D = {
						CreatedOnToolsVersion = 13.4;
						TestTargetID = 00FEF7C228CB47540059449D;
					};
				};
			};
			buildConfigurationList = 00FEF7BE28CB47530059449D /* Build configuration list for PBXProject "maggnet" */;
			compatibilityVersion = "Xcode 13.0";
			developmentRegion = en;
			hasScannedForEncodings = 0;
			knownRegions = (
				en,
				Base,
			);
			mainGroup = 00FEF7BA28CB47530059449D;
			productRefGroup = 00FEF7C428CB47540059449D /* Products */;
			projectDirPath = "";
			projectRoot = "";
			targets = (
				00FEF7C228CB47540059449D /* maggnet */,
				00FEF7D228CB47540059449D /* maggnetTests */,
				00FEF7DC28CB47540059449D /* maggnetUITests */,
			);
		};
/* End PBXProject section */

/* Begin PBXResourcesBuildPhase section */
		00FEF7C128CB47540059449D /* Resources */ = {
			isa = PBXResourcesBuildPhase;
			buildActionMask = 2147483647;
			files = (
				00FEF7CE28CB47540059449D /* Preview Assets.xcassets in Resources */,
				00FEF7CB28CB47540059449D /* Assets.xcassets in Resources */,
			);
			runOnlyForDeploymentPostprocessing = 0;
		};
		00FEF7D128CB47540059449D /* Resources */ = {
			isa = PBXResourcesBuildPhase;
			buildActionMask = 2147483647;
			files = (
			);
			runOnlyForDeploymentPostprocessing = 0;
		};
		00FEF7DB28CB47540059449D /* Resources */ = {
			isa = PBXResourcesBuildPhase;
			buildActionMask = 2147483647;
			files = (
			);
			runOnlyForDeploymentPostprocessing = 0;
		};
/* End PBXResourcesBuildPhase section */

/* Begin PBXSourcesBuildPhase section */
		00FEF7BF28CB47540059449D /* Sources */ = {
			isa = PBXSourcesBuildPhase;
			buildActionMask = 2147483647;
			files = (
				00FEF7C928CB47540059449D /* ContentView.swift in Sources */,
				00FEF7C728CB47540059449D /* maggnetApp.swift in Sources */,
			);
			runOnlyForDeploymentPostprocessing = 0;
		};
		00FEF7CF28CB47540059449D /* Sources */ = {
			isa = PBXSourcesBuildPhase;
			buildActionMask = 2147483647;
			files = (
				00FEF7D828CB47540059449D /* maggnetTests.swift in Sources */,
			);
			runOnlyForDeploymentPostprocessing = 0;
		};
		00FEF7D928CB47540059449D /* Sources */ = {
			isa = PBXSourcesBuildPhase;
			buildActionMask = 2147483647;
			files = (
				00FEF7E428CB47540059449D /* maggnetUITestsLaunchTests.swift in Sources */,
				00FEF7E228CB47540059449D /* maggnetUITests.swift in Sources */,
			);
			runOnlyForDeploymentPostprocessing = 0;
		};
/* End PBXSourcesBuildPhase section */

/* Begin PBXTargetDependency section */
		00FEF7D528CB47540059449D /* PBXTargetDependency */ = {
			isa = PBXTargetDependency;
			target = 00FEF7C228CB47540059449D /* maggnet */;
			targetProxy = 00FEF7D428CB47540059449D /* PBXContainerItemProxy */;
		};
		00FEF7DF28CB47540059449D /* PBXTargetDependency */ = {
			isa = PBXTargetDependency;
			target = 00FEF7C228CB47540059449D /* maggnet */;
			targetProxy = 00FEF7DE28CB47540059449D /* PBXContainerItemProxy */;
		};
/* End PBXTargetDependency section */

/* Begin XCBuildConfiguration section */
		00FEF7E528CB47540059449D /* Debug */ = {
			isa = XCBuildConfiguration;
			buildSettings = {
				ALWAYS_SEARCH_USER_PATHS = NO;
				CLANG_ANALYZER_NONNULL = YES;
				CLANG_ANALYZER_NUMBER_OBJECT_CONVERSION = YES_AGGRESSIVE;
				CLANG_CXX_LANGUAGE_STANDARD = "gnu++17";
				CLANG_ENABLE_MODULES = YES;
				CLANG_ENABLE_OBJC_ARC = YES;
				CLANG_ENABLE_OBJC_WEAK = YES;
				CLANG_WARN_BLOCK_CAPTURE_AUTORELEASING = YES;
				CLANG_WARN_BOOL_CONVERSION = YES;
				CLANG_WARN_COMMA = YES;
				CLANG_WARN_CONSTANT_CONVERSION = YES;
				CLANG_WARN_DEPRECATED_OBJC_IMPLEMENTATIONS = YES;
				CLANG_WARN_DIRECT_OBJC_ISA_USAGE = YES_ERROR;
				CLANG_WARN_DOCUMENTATION_COMMENTS = YES;
				CLANG_WARN_EMPTY_BODY = YES;
				CLANG_WARN_ENUM_CONVERSION = YES;
				CLANG_WARN_INFINITE_RECURSION = YES;
				CLANG_WARN_INT_CONVERSION = YES;
				CLANG_WARN_NON_LITERAL_NULL_CONVERSION = YES;
				CLANG_WARN_OBJC_IMPLICIT_RETAIN_SELF = YES;
				CLANG_WARN_OBJC_LITERAL_CONVERSION = YES;
				CLANG_WARN_OBJC_ROOT_CLASS = YES_ERROR;
				CLANG_WARN_QUOTED_INCLUDE_IN_FRAMEWORK_HEADER = YES;
				CLANG_WARN_RANGE_LOOP_ANALYSIS = YES;
				CLANG_WARN_STRICT_PROTOTYPES = YES;
				CLANG_WARN_SUSPICIOUS_MOVE = YES;
				CLANG_WARN_UNGUARDED_AVAILABILITY = YES_AGGRESSIVE;
				CLANG_WARN_UNREACHABLE_CODE = YES;
				CLANG_WARN__DUPLICATE_METHOD_MATCH = YES;
				COPY_PHASE_STRIP = NO;
				DEBUG_INFORMATION_FORMAT = dwarf;
				ENABLE_STRICT_OBJC_MSGSEND = YES;
				ENABLE_TESTABILITY = YES;
				GCC_C_LANGUAGE_STANDARD = gnu11;
				GCC_DYNAMIC_NO_PIC = NO;
				GCC_NO_COMMON_BLOCKS = YES;
				GCC_OPTIMIZATION_LEVEL = 0;
				GCC_PREPROCESSOR_DEFINITIONS = (
					"DEBUG=1",
					"$(inherited)",
				);
				GCC_WARN_64_TO_32_BIT_CONVERSION = YES;
				GCC_WARN_ABOUT_RETURN_TYPE = YES_ERROR;
				GCC_WARN_UNDECLARED_SELECTOR = YES;
				GCC_WARN_UNINITIALIZED_AUTOS = YES_AGGRESSIVE;
				GCC_WARN_UNUSED_FUNCTION = YES;
				GCC_WARN_UNUSED_VARIABLE = YES;
				IPHONEOS_DEPLOYMENT_TARGET = 15.5;
				MTL_ENABLE_DEBUG_INFO = INCLUDE_SOURCE;
				MTL_FAST_MATH = YES;
				ONLY_ACTIVE_ARCH = YES;
				SDKROOT = iphoneos;
				SWIFT_ACTIVE_COMPILATION_CONDITIONS = DEBUG;
				SWIFT_OPTIMIZATION_LEVEL = "-Onone";
			};
			name = Debug;
		};
		00FEF7E628CB47540059449D /* Release */ = {
			isa = XCBuildConfiguration;
			buildSettings = {
				ALWAYS_SEARCH_USER_PATHS = NO;
				CLANG_ANALYZER_NONNULL = YES;
				CLANG_ANALYZER_NUMBER_OBJECT_CONVERSION = YES_AGGRESSIVE;
				CLANG_CXX_LANGUAGE_STANDARD = "gnu++17";
				CLANG_ENABLE_MODULES = YES;
				CLANG_ENABLE_OBJC_ARC = YES;
				CLANG_ENABLE_OBJC_WEAK = YES;
				CLANG_WARN_BLOCK_CAPTURE_AUTORELEASING = YES;
				CLANG_WARN_BOOL_CONVERSION = YES;
				CLANG_WARN_COMMA = YES;
				CLANG_WARN_CONSTANT_CONVERSION = YES;
				CLANG_WARN_DEPRECATED_OBJC_IMPLEMENTATIONS = YES;
				CLANG_WARN_DIRECT_OBJC_ISA_USAGE = YES_ERROR;
				CLANG_WARN_DOCUMENTATION_COMMENTS = YES;
				CLANG_WARN_EMPTY_BODY = YES;
				CLANG_WARN_ENUM_CONVERSION = YES;
				CLANG_WARN_INFINITE_RECURSION = YES;
				CLANG_WARN_INT_CONVERSION = YES;
				CLANG_WARN_NON_LITERAL_NULL_CONVERSION = YES;
				CLANG_WARN_OBJC_IMPLICIT_RETAIN_SELF = YES;
				CLANG_WARN_OBJC_LITERAL_CONVERSION = YES;
				CLANG_WARN_OBJC_ROOT_CLASS = YES_ERROR;
				CLANG_WARN_QUOTED_INCLUDE_IN_FRAMEWORK_HEADER = YES;
				CLANG_WARN_RANGE_LOOP_ANALYSIS = YES;
				CLANG_WARN_STRICT_PROTOTYPES = YES;
				CLANG_WARN_SUSPICIOUS_MOVE = YES;
				CLANG_WARN_UNGUARDED_AVAILABILITY = YES_AGGRESSIVE;
				CLANG_WARN_UNREACHABLE_CODE = YES;
				CLANG_WARN__DUPLICATE_METHOD_MATCH = YES;
				COPY_PHASE_STRIP = NO;
				DEBUG_INFORMATION_FORMAT = "dwarf-with-dsym";
				ENABLE_NS_ASSERTIONS = NO;
				ENABLE_STRICT_OBJC_MSGSEND = YES;
				GCC_C_LANGUAGE_STANDARD = gnu11;
				GCC_NO_COMMON_BLOCKS = YES;
				GCC_WARN_64_TO_32_BIT_CONVERSION = YES;
				GCC_WARN_ABOUT_RETURN_TYPE = YES_ERROR;
				GCC_WARN_UNDECLARED_SELECTOR = YES;
				GCC_WARN_UNINITIALIZED_AUTOS = YES_AGGRESSIVE;
				GCC_WARN_UNUSED_FUNCTION = YES;
				GCC_WARN_UNUSED_VARIABLE = YES;
				IPHONEOS_DEPLOYMENT_TARGET = 15.5;
				MTL_ENABLE_DEBUG_INFO = NO;
				MTL_FAST_MATH = YES;
				SDKROOT = iphoneos;
				SWIFT_COMPILATION_MODE = wholemodule;
				SWIFT_OPTIMIZATION_LEVEL = "-O";
				VALIDATE_PRODUCT = YES;
			};
			name = Release;
		};
		00FEF7E828CB47540059449D /* Debug */ = {
			isa = XCBuildConfiguration;
			buildSettings = {
				ASSETCATALOG_COMPILER_APPICON_NAME = AppIcon;
				ASSETCATALOG_COMPILER_GLOBAL_ACCENT_COLOR_NAME = AccentColor;
				CODE_SIGN_STYLE = Automatic;
				CURRENT_PROJECT_VERSION = 1;
				DEVELOPMENT_ASSET_PATHS = "\"maggnet/Preview Content\"";
				DEVELOPMENT_TEAM = QB7NEZFJ4U;
				ENABLE_PREVIEWS = YES;
				GENERATE_INFOPLIST_FILE = YES;
				INFOPLIST_KEY_UIApplicationSceneManifest_Generation = YES;
				INFOPLIST_KEY_UIApplicationSupportsIndirectInputEvents = YES;
				INFOPLIST_KEY_UILaunchScreen_Generation = YES;
				INFOPLIST_KEY_UISupportedInterfaceOrientations_iPad = "UIInterfaceOrientationPortrait UIInterfaceOrientationPortraitUpsideDown UIInterfaceOrientationLandscapeLeft UIInterfaceOrientationLandscapeRight";
				INFOPLIST_KEY_UISupportedInterfaceOrientations_iPhone = "UIInterfaceOrientationPortrait UIInterfaceOrientationLandscapeLeft UIInterfaceOrientationLandscapeRight";
				LD_RUNPATH_SEARCH_PATHS = (
					"$(inherited)",
					"@executable_path/Frameworks",
				);
				MARKETING_VERSION = 1.0;
				PRODUCT_BUNDLE_IDENTIFIER = com.app.maggnet;
				PRODUCT_NAME = "$(TARGET_NAME)";
				SWIFT_EMIT_LOC_STRINGS = YES;
				SWIFT_VERSION = 5.0;
				TARGETED_DEVICE_FAMILY = "1,2";
			};
			name = Debug;
		};
		00FEF7E928CB47540059449D /* Release */ = {
			isa = XCBuildConfiguration;
			buildSettings = {
				ASSETCATALOG_COMPILER_APPICON_NAME = AppIcon;
				ASSETCATALOG_COMPILER_GLOBAL_ACCENT_COLOR_NAME = AccentColor;
				CODE_SIGN_STYLE = Automatic;
				CURRENT_PROJECT_VERSION = 1;
				DEVELOPMENT_ASSET_PATHS = "\"maggnet/Preview Content\"";
				DEVELOPMENT_TEAM = QB7NEZFJ4U;
				ENABLE_PREVIEWS = YES;
				GENERATE_INFOPLIST_FILE = YES;
				INFOPLIST_KEY_UIApplicationSceneManifest_Generation = YES;
				INFOPLIST_KEY_UIApplicationSupportsIndirectInputEvents = YES;
				INFOPLIST_KEY_UILaunchScreen_Generation = YES;
				INFOPLIST_KEY_UISupportedInterfaceOrientations_iPad = "UIInterfaceOrientationPortrait UIInterfaceOrientationPortraitUpsideDown UIInterfaceOrientationLandscapeLeft UIInterfaceOrientationLandscapeRight";
				INFOPLIST_KEY_UISupportedInterfaceOrientations_iPhone = "UIInterfaceOrientationPortrait UIInterfaceOrientationLandscapeLeft UIInterfaceOrientationLandscapeRight";
				LD_RUNPATH_SEARCH_PATHS = (
					"$(inherited)",
					"@executable_path/Frameworks",
				);
				MARKETING_VERSION = 1.0;
				PRODUCT_BUNDLE_IDENTIFIER = com.app.maggnet;
				PRODUCT_NAME = "$(TARGET_NAME)";
				SWIFT_EMIT_LOC_STRINGS = YES;
				SWIFT_VERSION = 5.0;
				TARGETED_DEVICE_FAMILY = "1,2";
			};
			name = Release;
		};
		00FEF7EB28CB47540059449D /* Debug */ = {
			isa = XCBuildConfiguration;
			buildSettings = {
				ALWAYS_EMBED_SWIFT_STANDARD_LIBRARIES = YES;
				BUNDLE_LOADER = "$(TEST_HOST)";
				CODE_SIGN_STYLE = Automatic;
				CURRENT_PROJECT_VERSION = 1;
				DEVELOPMENT_TEAM = QB7NEZFJ4U;
				GENERATE_INFOPLIST_FILE = YES;
				IPHONEOS_DEPLOYMENT_TARGET = 15.5;
				MARKETING_VERSION = 1.0;
				PRODUCT_BUNDLE_IDENTIFIER = com.app.maggnetTests;
				PRODUCT_NAME = "$(TARGET_NAME)";
				SWIFT_EMIT_LOC_STRINGS = NO;
				SWIFT_VERSION = 5.0;
				TARGETED_DEVICE_FAMILY = "1,2";
				TEST_HOST = "$(BUILT_PRODUCTS_DIR)/maggnet.app/maggnet";
			};
			name = Debug;
		};
		00FEF7EC28CB47540059449D /* Release */ = {
			isa = XCBuildConfiguration;
			buildSettings = {
				ALWAYS_EMBED_SWIFT_STANDARD_LIBRARIES = YES;
				BUNDLE_LOADER = "$(TEST_HOST)";
				CODE_SIGN_STYLE = Automatic;
				CURRENT_PROJECT_VERSION = 1;
				DEVELOPMENT_TEAM = QB7NEZFJ4U;
				GENERATE_INFOPLIST_FILE = YES;
				IPHONEOS_DEPLOYMENT_TARGET = 15.5;
				MARKETING_VERSION = 1.0;
				PRODUCT_BUNDLE_IDENTIFIER = com.app.maggnetTests;
				PRODUCT_NAME = "$(TARGET_NAME)";
				SWIFT_EMIT_LOC_STRINGS = NO;
				SWIFT_VERSION = 5.0;
				TARGETED_DEVICE_FAMILY = "1,2";
				TEST_HOST = "$(BUILT_PRODUCTS_DIR)/maggnet.app/maggnet";
			};
			name = Release;
		};
		00FEF7EE28CB47540059449D /* Debug */ = {
			isa = XCBuildConfiguration;
			buildSettings = {
				ALWAYS_EMBED_SWIFT_STANDARD_LIBRARIES = YES;
				CODE_SIGN_STYLE = Automatic;
				CURRENT_PROJECT_VERSION = 1;
				DEVELOPMENT_TEAM = QB7NEZFJ4U;
				GENERATE_INFOPLIST_FILE = YES;
				MARKETING_VERSION = 1.0;
				PRODUCT_BUNDLE_IDENTIFIER = com.app.maggnetUITests;
				PRODUCT_NAME = "$(TARGET_NAME)";
				SWIFT_EMIT_LOC_STRINGS = NO;
				SWIFT_VERSION = 5.0;
				TARGETED_DEVICE_FAMILY = "1,2";
				TEST_TARGET_NAME = maggnet;
			};
			name = Debug;
		};
		00FEF7EF28CB47540059449D /* Release */ = {
			isa = XCBuildConfiguration;
			buildSettings = {
				ALWAYS_EMBED_SWIFT_STANDARD_LIBRARIES = YES;
				CODE_SIGN_STYLE = Automatic;
				CURRENT_PROJECT_VERSION = 1;
				DEVELOPMENT_TEAM = QB7NEZFJ4U;
				GENERATE_INFOPLIST_FILE = YES;
				MARKETING_VERSION = 1.0;
				PRODUCT_BUNDLE_IDENTIFIER = com.app.maggnetUITests;
				PRODUCT_NAME = "$(TARGET_NAME)";
				SWIFT_EMIT_LOC_STRINGS = NO;
				SWIFT_VERSION = 5.0;
				TARGETED_DEVICE_FAMILY = "1,2";
				TEST_TARGET_NAME = maggnet;
			};
			name = Release;
		};
/* End XCBuildConfiguration section */

/* Begin XCConfigurationList section */
		00FEF7BE28CB47530059449D /* Build configuration list for PBXProject "maggnet" */ = {
			isa = XCConfigurationList;
			buildConfigurations = (
				00FEF7E528CB47540059449D /* Debug */,
				00FEF7E628CB47540059449D /* Release */,
			);
			defaultConfigurationIsVisible = 0;
			defaultConfigurationName = Release;
		};
		00FEF7E728CB47540059449D /* Build configuration list for PBXNativeTarget "maggnet" */ = {
			isa = XCConfigurationList;
			buildConfigurations = (
				00FEF7E828CB47540059449D /* Debug */,
				00FEF7E928CB47540059449D /* Release */,
			);
			defaultConfigurationIsVisible = 0;
			defaultConfigurationName = Release;
		};
		00FEF7EA28CB47540059449D /* Build configuration list for PBXNativeTarget "maggnetTests" */ = {
			isa = XCConfigurationList;
			buildConfigurations = (
				00FEF7EB28CB47540059449D /* Debug */,
				00FEF7EC28CB47540059449D /* Release */,
			);
			defaultConfigurationIsVisible = 0;
			defaultConfigurationName = Release;
		};
		00FEF7ED28CB47540059449D /* Build configuration list for PBXNativeTarget "maggnetUITests" */ = {
			isa = XCConfigurationList;
			buildConfigurations = (
				00FEF7EE28CB47540059449D /* Debug */,
				00FEF7EF28CB47540059449D /* Release */,
			);
			defaultConfigurationIsVisible = 0;
			defaultConfigurationName = Release;
		};
/* End XCConfigurationList section */
	};
	rootObject = 00FEF7BB28CB47530059449D /* Project object */;
}
